
Microsoft Visual Studio Solution File, Format Version 12.00
# Visual Studio Version 17
Project("{2150E333-8FDC-42A3-9474-1A3956D46DE8}") = "CMakePredefinedTargets", "CMakePredefinedTargets", "{6977B102-FBD8-38C5-B893-A22BC51BE096}"
EndProject
Project("{2150E333-8FDC-42A3-9474-1A3956D46DE8}") = "External", "External", "{22E43B9E-BCF3-3ACC-BA08-6FE0842EC5EB}"
EndProject
Project("{2150E333-8FDC-42A3-9474-1A3956D46DE8}") = "Internal", "Internal", "{8660848A-1D38-36E9-906F-FAFB12467561}"
EndProject
Project("{2150E333-8FDC-42A3-9474-1A3956D46DE8}") = "Utils", "Utils", "{5704D0CE-50DB-3760-9CA3-5A284EB1986E}"
EndProject
Project("{8BC9CEB8-8B4A-11D0-8D11-00A0C91BC942}") = "ALL_BUILD", "ALL_BUILD.vcxproj", "{E8295925-2D47-3C5D-897A-BBE7A6EAF16C}"
	ProjectSection(ProjectDependencies) = postProject
		{E3A68794-2FC1-3DB2-B578-ACBF1FA9FEEB} = {E3A68794-2FC1-3DB2-B578-ACBF1FA9FEEB}
		{C121C261-58D3-3964-A731-5328E60926AB} = {C121C261-58D3-3964-A731-5328E60926AB}
		{F3193C66-1F41-3BB8-97FB-A610114B2593} = {F3193C66-1F41-3BB8-97FB-A610114B2593}
		{4610F44C-CA38-338A-9F43-4D3ACB3DC4C5} = {4610F44C-CA38-338A-9F43-4D3ACB3DC4C5}
		{68DD925E-D7CE-3B6E-9C20-2DCCDA7F9982} = {68DD925E-D7CE-3B6E-9C20-2DCCDA7F9982}
		{32EB89C1-1281-34D2-9033-9E485175DB36} = {32EB89C1-1281-34D2-9033-9E485175DB36}
		{870445F3-E686-38D2-AC50-93343A0C76D9} = {870445F3-E686-38D2-AC50-93343A0C76D9}
		{0267ACB8-EF28-39B7-9EB3-132125E29CAD} = {0267ACB8-EF28-39B7-9EB3-132125E29CAD}
		{29BE44DB-B002-37E8-8CC0-715C50B85163} = {29BE44DB-B002-37E8-8CC0-715C50B85163}
		{35AE3A19-3521-390D-88A9-DEAA99C3A719} = {35AE3A19-3521-390D-88A9-DEAA99C3A719}
		{D09B9B98-AB5B-3F62-A7FE-92AE968427D8} = {D09B9B98-AB5B-3F62-A7FE-92AE968427D8}
		{F4CB1BCA-069C-3630-A501-F706E489FB03} = {F4CB1BCA-069C-3630-A501-F706E489FB03}
		{8B217BC8-2899-3793-B0BD-6DFD2B4DBB08} = {8B217BC8-2899-3793-B0BD-6DFD2B4DBB08}
		{2EAC38E1-FC7A-3B03-B715-093129D2748A} = {2EAC38E1-FC7A-3B03-B715-093129D2748A}
		{4902D8E4-92F9-362F-8625-CBEB55502764} = {4902D8E4-92F9-362F-8625-CBEB55502764}
	EndProjectSection
EndProject
Project("{8BC9CEB8-8B4A-11D0-8D11-00A0C91BC942}") = "SYNC_RESOURCE-arkarrot", "SYNC_RESOURCE-arkarrot.vcxproj", "{E3A68794-2FC1-3DB2-B578-ACBF1FA9FEEB}"
	ProjectSection(ProjectDependencies) = postProject
		{C121C261-58D3-3964-A731-5328E60926AB} = {C121C261-58D3-3964-A731-5328E60926AB}
	EndProjectSection
EndProject
Project("{8BC9CEB8-8B4A-11D0-8D11-00A0C91BC942}") = "ZERO_CHECK", "ZERO_CHECK.vcxproj", "{C121C261-58D3-3964-A731-5328E60926AB}"
	ProjectSection(ProjectDependencies) = postProject
	EndProjectSection
EndProject
Project("{8BC9CEB8-8B4A-11D0-8D11-00A0C91BC942}") = "arkarrot", "arkarrot.vcxproj", "{F3193C66-1F41-3BB8-97FB-A610114B2593}"
	ProjectSection(ProjectDependencies) = postProject
		{E3A68794-2FC1-3DB2-B578-ACBF1FA9FEEB} = {E3A68794-2FC1-3DB2-B578-ACBF1FA9FEEB}
		{C121C261-58D3-3964-A731-5328E60926AB} = {C121C261-58D3-3964-A731-5328E60926AB}
		{4610F44C-CA38-338A-9F43-4D3ACB3DC4C5} = {4610F44C-CA38-338A-9F43-4D3ACB3DC4C5}
		{68DD925E-D7CE-3B6E-9C20-2DCCDA7F9982} = {68DD925E-D7CE-3B6E-9C20-2DCCDA7F9982}
		{32EB89C1-1281-34D2-9033-9E485175DB36} = {32EB89C1-1281-34D2-9033-9E485175DB36}
		{870445F3-E686-38D2-AC50-93343A0C76D9} = {870445F3-E686-38D2-AC50-93343A0C76D9}
		{0267ACB8-EF28-39B7-9EB3-132125E29CAD} = {0267ACB8-EF28-39B7-9EB3-132125E29CAD}
		{29BE44DB-B002-37E8-8CC0-715C50B85163} = {29BE44DB-B002-37E8-8CC0-715C50B85163}
		{35AE3A19-3521-390D-88A9-DEAA99C3A719} = {35AE3A19-3521-390D-88A9-DEAA99C3A719}
		{D09B9B98-AB5B-3F62-A7FE-92AE968427D8} = {D09B9B98-AB5B-3F62-A7FE-92AE968427D8}
		{F4CB1BCA-069C-3630-A501-F706E489FB03} = {F4CB1BCA-069C-3630-A501-F706E489FB03}
		{8B217BC8-2899-3793-B0BD-6DFD2B4DBB08} = {8B217BC8-2899-3793-B0BD-6DFD2B4DBB08}
		{2EAC38E1-FC7A-3B03-B715-093129D2748A} = {2EAC38E1-FC7A-3B03-B715-093129D2748A}
		{4902D8E4-92F9-362F-8625-CBEB55502764} = {4902D8E4-92F9-362F-8625-CBEB55502764}
	EndProjectSection
EndProject
Project("{8BC9CEB8-8B4A-11D0-8D11-00A0C91BC942}") = "cocos2d", "engine\cocos\core\cocos2d.vcxproj", "{4610F44C-CA38-338A-9F43-4D3ACB3DC4C5}"
	ProjectSection(ProjectDependencies) = postProject
		{C121C261-58D3-3964-A731-5328E60926AB} = {C121C261-58D3-3964-A731-5328E60926AB}
		{68DD925E-D7CE-3B6E-9C20-2DCCDA7F9982} = {68DD925E-D7CE-3B6E-9C20-2DCCDA7F9982}
		{32EB89C1-1281-34D2-9033-9E485175DB36} = {32EB89C1-1281-34D2-9033-9E485175DB36}
		{870445F3-E686-38D2-AC50-93343A0C76D9} = {870445F3-E686-38D2-AC50-93343A0C76D9}
		{0267ACB8-EF28-39B7-9EB3-132125E29CAD} = {0267ACB8-EF28-39B7-9EB3-132125E29CAD}
		{29BE44DB-B002-37E8-8CC0-715C50B85163} = {29BE44DB-B002-37E8-8CC0-715C50B85163}
		{35AE3A19-3521-390D-88A9-DEAA99C3A719} = {35AE3A19-3521-390D-88A9-DEAA99C3A719}
		{D09B9B98-AB5B-3F62-A7FE-92AE968427D8} = {D09B9B98-AB5B-3F62-A7FE-92AE968427D8}
		{F4CB1BCA-069C-3630-A501-F706E489FB03} = {F4CB1BCA-069C-3630-A501-F706E489FB03}
		{8B217BC8-2899-3793-B0BD-6DFD2B4DBB08} = {8B217BC8-2899-3793-B0BD-6DFD2B4DBB08}
		{2EAC38E1-FC7A-3B03-B715-093129D2748A} = {2EAC38E1-FC7A-3B03-B715-093129D2748A}
		{4902D8E4-92F9-362F-8625-CBEB55502764} = {4902D8E4-92F9-362F-8625-CBEB55502764}
	EndProjectSection
EndProject
Project("{8BC9CEB8-8B4A-11D0-8D11-00A0C91BC942}") = "ext_clipper", "engine\external\clipper\ext_clipper.vcxproj", "{68DD925E-D7CE-3B6E-9C20-2DCCDA7F9982}"
	ProjectSection(ProjectDependencies) = postProject
		{C121C261-58D3-3964-A731-5328E60926AB} = {C121C261-58D3-3964-A731-5328E60926AB}
	EndProjectSection
EndProject
Project("{8BC9CEB8-8B4A-11D0-8D11-00A0C91BC942}") = "ext_convertUTF", "engine\external\ConvertUTF\ext_convertUTF.vcxproj", "{32EB89C1-1281-34D2-9033-9E485175DB36}"
	ProjectSection(ProjectDependencies) = postProject
		{C121C261-58D3-3964-A731-5328E60926AB} = {C121C261-58D3-3964-A731-5328E60926AB}
	EndProjectSection
EndProject
Project("{8BC9CEB8-8B4A-11D0-8D11-00A0C91BC942}") = "ext_edtaa3func", "engine\external\edtaa3func\ext_edtaa3func.vcxproj", "{870445F3-E686-38D2-AC50-93343A0C76D9}"
	ProjectSection(ProjectDependencies) = postProject
		{C121C261-58D3-3964-A731-5328E60926AB} = {C121C261-58D3-3964-A731-5328E60926AB}
	EndProjectSection
EndProject
Project("{8BC9CEB8-8B4A-11D0-8D11-00A0C91BC942}") = "ext_md5", "engine\external\md5\ext_md5.vcxproj", "{0267ACB8-EF28-39B7-9EB3-132125E29CAD}"
	ProjectSection(ProjectDependencies) = postProject
		{C121C261-58D3-3964-A731-5328E60926AB} = {C121C261-58D3-3964-A731-5328E60926AB}
	EndProjectSection
EndProject
Project("{8BC9CEB8-8B4A-11D0-8D11-00A0C91BC942}") = "ext_poly2tri", "engine\external\poly2tri\ext_poly2tri.vcxproj", "{29BE44DB-B002-37E8-8CC0-715C50B85163}"
	ProjectSection(ProjectDependencies) = postProject
		{C121C261-58D3-3964-A731-5328E60926AB} = {C121C261-58D3-3964-A731-5328E60926AB}
	EndProjectSection
EndProject
Project("{8BC9CEB8-8B4A-11D0-8D11-00A0C91BC942}") = "ext_recast", "engine\external\recast\ext_recast.vcxproj", "{35AE3A19-3521-390D-88A9-DEAA99C3A719}"
	ProjectSection(ProjectDependencies) = postProject
		{C121C261-58D3-3964-A731-5328E60926AB} = {C121C261-58D3-3964-A731-5328E60926AB}
	EndProjectSection
EndProject
Project("{8BC9CEB8-8B4A-11D0-8D11-00A0C91BC942}") = "ext_tinyxml2", "engine\external\tinyxml2\ext_tinyxml2.vcxproj", "{D09B9B98-AB5B-3F62-A7FE-92AE968427D8}"
	ProjectSection(ProjectDependencies) = postProject
		{C121C261-58D3-3964-A731-5328E60926AB} = {C121C261-58D3-3964-A731-5328E60926AB}
	EndProjectSection
EndProject
Project("{8BC9CEB8-8B4A-11D0-8D11-00A0C91BC942}") = "ext_unzip", "engine\external\unzip\ext_unzip.vcxproj", "{F4CB1BCA-069C-3630-A501-F706E489FB03}"
	ProjectSection(ProjectDependencies) = postProject
		{C121C261-58D3-3964-A731-5328E60926AB} = {C121C261-58D3-3964-A731-5328E60926AB}
	EndProjectSection
EndProject
Project("{8BC9CEB8-8B4A-11D0-8D11-00A0C91BC942}") = "ext_xxhash", "engine\external\xxhash\ext_xxhash.vcxproj", "{8B217BC8-2899-3793-B0BD-6DFD2B4DBB08}"
	ProjectSection(ProjectDependencies) = postProject
		{C121C261-58D3-3964-A731-5328E60926AB} = {C121C261-58D3-3964-A731-5328E60926AB}
	EndProjectSection
EndProject
Project("{8BC9CEB8-8B4A-11D0-8D11-00A0C91BC942}") = "ext_xxtea", "engine\external\xxtea\ext_xxtea.vcxproj", "{2EAC38E1-FC7A-3B03-B715-093129D2748A}"
	ProjectSection(ProjectDependencies) = postProject
		{C121C261-58D3-3964-A731-5328E60926AB} = {C121C261-58D3-3964-A731-5328E60926AB}
	EndProjectSection
EndProject
Project("{8BC9CEB8-8B4A-11D0-8D11-00A0C91BC942}") = "external", "engine\external\external.vcxproj", "{4902D8E4-92F9-362F-8625-CBEB55502764}"
	ProjectSection(ProjectDependencies) = postProject
		{C121C261-58D3-3964-A731-5328E60926AB} = {C121C261-58D3-3964-A731-5328E60926AB}
		{68DD925E-D7CE-3B6E-9C20-2DCCDA7F9982} = {68DD925E-D7CE-3B6E-9C20-2DCCDA7F9982}
		{32EB89C1-1281-34D2-9033-9E485175DB36} = {32EB89C1-1281-34D2-9033-9E485175DB36}
		{870445F3-E686-38D2-AC50-93343A0C76D9} = {870445F3-E686-38D2-AC50-93343A0C76D9}
		{0267ACB8-EF28-39B7-9EB3-132125E29CAD} = {0267ACB8-EF28-39B7-9EB3-132125E29CAD}
		{29BE44DB-B002-37E8-8CC0-715C50B85163} = {29BE44DB-B002-37E8-8CC0-715C50B85163}
		{35AE3A19-3521-390D-88A9-DEAA99C3A719} = {35AE3A19-3521-390D-88A9-DEAA99C3A719}
		{D09B9B98-AB5B-3F62-A7FE-92AE968427D8} = {D09B9B98-AB5B-3F62-A7FE-92AE968427D8}
		{F4CB1BCA-069C-3630-A501-F706E489FB03} = {F4CB1BCA-069C-3630-A501-F706E489FB03}
		{8B217BC8-2899-3793-B0BD-6DFD2B4DBB08} = {8B217BC8-2899-3793-B0BD-6DFD2B4DBB08}
		{2EAC38E1-FC7A-3B03-B715-093129D2748A} = {2EAC38E1-FC7A-3B03-B715-093129D2748A}
	EndProjectSection
EndProject
Global
	GlobalSection(SolutionConfigurationPlatforms) = preSolution
		Debug|win32 = Debug|win32
		Release|win32 = Release|win32
		MinSizeRel|win32 = MinSizeRel|win32
		RelWithDebInfo|win32 = RelWithDebInfo|win32
	EndGlobalSection
	GlobalSection(ProjectConfigurationPlatforms) = postSolution
		{E8295925-2D47-3C5D-897A-BBE7A6EAF16C}.Debug|win32.ActiveCfg = Debug|win32
		{E8295925-2D47-3C5D-897A-BBE7A6EAF16C}.Release|win32.ActiveCfg = Release|win32
		{E8295925-2D47-3C5D-897A-BBE7A6EAF16C}.MinSizeRel|win32.ActiveCfg = MinSizeRel|win32
		{E8295925-2D47-3C5D-897A-BBE7A6EAF16C}.RelWithDebInfo|win32.ActiveCfg = RelWithDebInfo|win32
		{E3A68794-2FC1-3DB2-B578-ACBF1FA9FEEB}.Debug|win32.ActiveCfg = Debug|win32
		{E3A68794-2FC1-3DB2-B578-ACBF1FA9FEEB}.Debug|win32.Build.0 = Debug|win32
		{E3A68794-2FC1-3DB2-B578-ACBF1FA9FEEB}.Release|win32.ActiveCfg = Release|win32
		{E3A68794-2FC1-3DB2-B578-ACBF1FA9FEEB}.Release|win32.Build.0 = Release|win32
		{E3A68794-2FC1-3DB2-B578-ACBF1FA9FEEB}.MinSizeRel|win32.ActiveCfg = MinSizeRel|win32
		{E3A68794-2FC1-3DB2-B578-ACBF1FA9FEEB}.MinSizeRel|win32.Build.0 = MinSizeRel|win32
		{E3A68794-2FC1-3DB2-B578-ACBF1FA9FEEB}.RelWithDebInfo|win32.ActiveCfg = RelWithDebInfo|win32
		{E3A68794-2FC1-3DB2-B578-ACBF1FA9FEEB}.RelWithDebInfo|win32.Build.0 = RelWithDebInfo|win32
		{C121C261-58D3-3964-A731-5328E60926AB}.Debug|win32.ActiveCfg = Debug|win32
		{C121C261-58D3-3964-A731-5328E60926AB}.Debug|win32.Build.0 = Debug|win32
		{C121C261-58D3-3964-A731-5328E60926AB}.Release|win32.ActiveCfg = Release|win32
		{C121C261-58D3-3964-A731-5328E60926AB}.Release|win32.Build.0 = Release|win32
		{C121C261-58D3-3964-A731-5328E60926AB}.MinSizeRel|win32.ActiveCfg = MinSizeRel|win32
		{C121C261-58D3-3964-A731-5328E60926AB}.MinSizeRel|win32.Build.0 = MinSizeRel|win32
		{C121C261-58D3-3964-A731-5328E60926AB}.RelWithDebInfo|win32.ActiveCfg = RelWithDebInfo|win32
		{C121C261-58D3-3964-A731-5328E60926AB}.RelWithDebInfo|win32.Build.0 = RelWithDebInfo|win32
		{F3193C66-1F41-3BB8-97FB-A610114B2593}.Debug|win32.ActiveCfg = Debug|win32
		{F3193C66-1F41-3BB8-97FB-A610114B2593}.Debug|win32.Build.0 = Debug|win32
		{F3193C66-1F41-3BB8-97FB-A610114B2593}.Release|win32.ActiveCfg = Release|win32
		{F3193C66-1F41-3BB8-97FB-A610114B2593}.Release|win32.Build.0 = Release|win32
		{F3193C66-1F41-3BB8-97FB-A610114B2593}.MinSizeRel|win32.ActiveCfg = MinSizeRel|win32
		{F3193C66-1F41-3BB8-97FB-A610114B2593}.MinSizeRel|win32.Build.0 = MinSizeRel|win32
		{F3193C66-1F41-3BB8-97FB-A610114B2593}.RelWithDebInfo|win32.ActiveCfg = RelWithDebInfo|win32
		{F3193C66-1F41-3BB8-97FB-A610114B2593}.RelWithDebInfo|win32.Build.0 = RelWithDebInfo|win32
		{4610F44C-CA38-338A-9F43-4D3ACB3DC4C5}.Debug|win32.ActiveCfg = Debug|win32
		{4610F44C-CA38-338A-9F43-4D3ACB3DC4C5}.Debug|win32.Build.0 = Debug|win32
		{4610F44C-CA38-338A-9F43-4D3ACB3DC4C5}.Release|win32.ActiveCfg = Release|win32
		{4610F44C-CA38-338A-9F43-4D3ACB3DC4C5}.Release|win32.Build.0 = Release|win32
		{4610F44C-CA38-338A-9F43-4D3ACB3DC4C5}.MinSizeRel|win32.ActiveCfg = MinSizeRel|win32
		{4610F44C-CA38-338A-9F43-4D3ACB3DC4C5}.MinSizeRel|win32.Build.0 = MinSizeRel|win32
		{4610F44C-CA38-338A-9F43-4D3ACB3DC4C5}.RelWithDebInfo|win32.ActiveCfg = RelWithDebInfo|win32
		{4610F44C-CA38-338A-9F43-4D3ACB3DC4C5}.RelWithDebInfo|win32.Build.0 = RelWithDebInfo|win32
		{68DD925E-D7CE-3B6E-9C20-2DCCDA7F9982}.Debug|win32.ActiveCfg = Debug|win32
		{68DD925E-D7CE-3B6E-9C20-2DCCDA7F9982}.Debug|win32.Build.0 = Debug|win32
		{68DD925E-D7CE-3B6E-9C20-2DCCDA7F9982}.Release|win32.ActiveCfg = Release|win32
		{68DD925E-D7CE-3B6E-9C20-2DCCDA7F9982}.Release|win32.Build.0 = Release|win32
		{68DD925E-D7CE-3B6E-9C20-2DCCDA7F9982}.MinSizeRel|win32.ActiveCfg = MinSizeRel|win32
		{68DD925E-D7CE-3B6E-9C20-2DCCDA7F9982}.MinSizeRel|win32.Build.0 = MinSizeRel|win32
		{68DD925E-D7CE-3B6E-9C20-2DCCDA7F9982}.RelWithDebInfo|win32.ActiveCfg = RelWithDebInfo|win32
		{68DD925E-D7CE-3B6E-9C20-2DCCDA7F9982}.RelWithDebInfo|win32.Build.0 = RelWithDebInfo|win32
		{32EB89C1-1281-34D2-9033-9E485175DB36}.Debug|win32.ActiveCfg = Debug|win32
		{32EB89C1-1281-34D2-9033-9E485175DB36}.Debug|win32.Build.0 = Debug|win32
		{32EB89C1-1281-34D2-9033-9E485175DB36}.Release|win32.ActiveCfg = Release|win32
		{32EB89C1-1281-34D2-9033-9E485175DB36}.Release|win32.Build.0 = Release|win32
		{32EB89C1-1281-34D2-9033-9E485175DB36}.MinSizeRel|win32.ActiveCfg = MinSizeRel|win32
		{32EB89C1-1281-34D2-9033-9E485175DB36}.MinSizeRel|win32.Build.0 = MinSizeRel|win32
		{32EB89C1-1281-34D2-9033-9E485175DB36}.RelWithDebInfo|win32.ActiveCfg = RelWithDebInfo|win32
		{32EB89C1-1281-34D2-9033-9E485175DB36}.RelWithDebInfo|win32.Build.0 = RelWithDebInfo|win32
		{870445F3-E686-38D2-AC50-93343A0C76D9}.Debug|win32.ActiveCfg = Debug|win32
		{870445F3-E686-38D2-AC50-93343A0C76D9}.Debug|win32.Build.0 = Debug|win32
		{870445F3-E686-38D2-AC50-93343A0C76D9}.Release|win32.ActiveCfg = Release|win32
		{870445F3-E686-38D2-AC50-93343A0C76D9}.Release|win32.Build.0 = Release|win32
		{870445F3-E686-38D2-AC50-93343A0C76D9}.MinSizeRel|win32.ActiveCfg = MinSizeRel|win32
		{870445F3-E686-38D2-AC50-93343A0C76D9}.MinSizeRel|win32.Build.0 = MinSizeRel|win32
		{870445F3-E686-38D2-AC50-93343A0C76D9}.RelWithDebInfo|win32.ActiveCfg = RelWithDebInfo|win32
		{870445F3-E686-38D2-AC50-93343A0C76D9}.RelWithDebInfo|win32.Build.0 = RelWithDebInfo|win32
		{0267ACB8-EF28-39B7-9EB3-132125E29CAD}.Debug|win32.ActiveCfg = Debug|win32
		{0267ACB8-EF28-39B7-9EB3-132125E29CAD}.Debug|win32.Build.0 = Debug|win32
		{0267ACB8-EF28-39B7-9EB3-132125E29CAD}.Release|win32.ActiveCfg = Release|win32
		{0267ACB8-EF28-39B7-9EB3-132125E29CAD}.Release|win32.Build.0 = Release|win32
		{0267ACB8-EF28-39B7-9EB3-132125E29CAD}.MinSizeRel|win32.ActiveCfg = MinSizeRel|win32
		{0267ACB8-EF28-39B7-9EB3-132125E29CAD}.MinSizeRel|win32.Build.0 = MinSizeRel|win32
		{0267ACB8-EF28-39B7-9EB3-132125E29CAD}.RelWithDebInfo|win32.ActiveCfg = RelWithDebInfo|win32
		{0267ACB8-EF28-39B7-9EB3-132125E29CAD}.RelWithDebInfo|win32.Build.0 = RelWithDebInfo|win32
		{29BE44DB-B002-37E8-8CC0-715C50B85163}.Debug|win32.ActiveCfg = Debug|win32
		{29BE44DB-B002-37E8-8CC0-715C50B85163}.Debug|win32.Build.0 = Debug|win32
		{29BE44DB-B002-37E8-8CC0-715C50B85163}.Release|win32.ActiveCfg = Release|win32
		{29BE44DB-B002-37E8-8CC0-715C50B85163}.Release|win32.Build.0 = Release|win32
		{29BE44DB-B002-37E8-8CC0-715C50B85163}.MinSizeRel|win32.ActiveCfg = MinSizeRel|win32
		{29BE44DB-B002-37E8-8CC0-715C50B85163}.MinSizeRel|win32.Build.0 = MinSizeRel|win32
		{29BE44DB-B002-37E8-8CC0-715C50B85163}.RelWithDebInfo|win32.ActiveCfg = RelWithDebInfo|win32
		{29BE44DB-B002-37E8-8CC0-715C50B85163}.RelWithDebInfo|win32.Build.0 = RelWithDebInfo|win32
		{35AE3A19-3521-390D-88A9-DEAA99C3A719}.Debug|win32.ActiveCfg = Debug|win32
		{35AE3A19-3521-390D-88A9-DEAA99C3A719}.Debug|win32.Build.0 = Debug|win32
		{35AE3A19-3521-390D-88A9-DEAA99C3A719}.Release|win32.ActiveCfg = Release|win32
		{35AE3A19-3521-390D-88A9-DEAA99C3A719}.Release|win32.Build.0 = Release|win32
		{35AE3A19-3521-390D-88A9-DEAA99C3A719}.MinSizeRel|win32.ActiveCfg = MinSizeRel|win32
		{35AE3A19-3521-390D-88A9-DEAA99C3A719}.MinSizeRel|win32.Build.0 = MinSizeRel|win32
		{35AE3A19-3521-390D-88A9-DEAA99C3A719}.RelWithDebInfo|win32.ActiveCfg = RelWithDebInfo|win32
		{35AE3A19-3521-390D-88A9-DEAA99C3A719}.RelWithDebInfo|win32.Build.0 = RelWithDebInfo|win32
		{D09B9B98-AB5B-3F62-A7FE-92AE968427D8}.Debug|win32.ActiveCfg = Debug|win32
		{D09B9B98-AB5B-3F62-A7FE-92AE968427D8}.Debug|win32.Build.0 = Debug|win32
		{D09B9B98-AB5B-3F62-A7FE-92AE968427D8}.Release|win32.ActiveCfg = Release|win32
		{D09B9B98-AB5B-3F62-A7FE-92AE968427D8}.Release|win32.Build.0 = Release|win32
		{D09B9B98-AB5B-3F62-A7FE-92AE968427D8}.MinSizeRel|win32.ActiveCfg = MinSizeRel|win32
		{D09B9B98-AB5B-3F62-A7FE-92AE968427D8}.MinSizeRel|win32.Build.0 = MinSizeRel|win32
		{D09B9B98-AB5B-3F62-A7FE-92AE968427D8}.RelWithDebInfo|win32.ActiveCfg = RelWithDebInfo|win32
		{D09B9B98-AB5B-3F62-A7FE-92AE968427D8}.RelWithDebInfo|win32.Build.0 = RelWithDebInfo|win32
		{F4CB1BCA-069C-3630-A501-F706E489FB03}.Debug|win32.ActiveCfg = Debug|win32
		{F4CB1BCA-069C-3630-A501-F706E489FB03}.Debug|win32.Build.0 = Debug|win32
		{F4CB1BCA-069C-3630-A501-F706E489FB03}.Release|win32.ActiveCfg = Release|win32
		{F4CB1BCA-069C-3630-A501-F706E489FB03}.Release|win32.Build.0 = Release|win32
		{F4CB1BCA-069C-3630-A501-F706E489FB03}.MinSizeRel|win32.ActiveCfg = MinSizeRel|win32
		{F4CB1BCA-069C-3630-A501-F706E489FB03}.MinSizeRel|win32.Build.0 = MinSizeRel|win32
		{F4CB1BCA-069C-3630-A501-F706E489FB03}.RelWithDebInfo|win32.ActiveCfg = RelWithDebInfo|win32
		{F4CB1BCA-069C-3630-A501-F706E489FB03}.RelWithDebInfo|win32.Build.0 = RelWithDebInfo|win32
		{8B217BC8-2899-3793-B0BD-6DFD2B4DBB08}.Debug|win32.ActiveCfg = Debug|win32
		{8B217BC8-2899-3793-B0BD-6DFD2B4DBB08}.Debug|win32.Build.0 = Debug|win32
		{8B217BC8-2899-3793-B0BD-6DFD2B4DBB08}.Release|win32.ActiveCfg = Release|win32
		{8B217BC8-2899-3793-B0BD-6DFD2B4DBB08}.Release|win32.Build.0 = Release|win32
		{8B217BC8-2899-3793-B0BD-6DFD2B4DBB08}.MinSizeRel|win32.ActiveCfg = MinSizeRel|win32
		{8B217BC8-2899-3793-B0BD-6DFD2B4DBB08}.MinSizeRel|win32.Build.0 = MinSizeRel|win32
		{8B217BC8-2899-3793-B0BD-6DFD2B4DBB08}.RelWithDebInfo|win32.ActiveCfg = RelWithDebInfo|win32
		{8B217BC8-2899-3793-B0BD-6DFD2B4DBB08}.RelWithDebInfo|win32.Build.0 = RelWithDebInfo|win32
		{2EAC38E1-FC7A-3B03-B715-093129D2748A}.Debug|win32.ActiveCfg = Debug|win32
		{2EAC38E1-FC7A-3B03-B715-093129D2748A}.Debug|win32.Build.0 = Debug|win32
		{2EAC38E1-FC7A-3B03-B715-093129D2748A}.Release|win32.ActiveCfg = Release|win32
		{2EAC38E1-FC7A-3B03-B715-093129D2748A}.Release|win32.Build.0 = Release|win32
		{2EAC38E1-FC7A-3B03-B715-093129D2748A}.MinSizeRel|win32.ActiveCfg = MinSizeRel|win32
		{2EAC38E1-FC7A-3B03-B715-093129D2748A}.MinSizeRel|win32.Build.0 = MinSizeRel|win32
		{2EAC38E1-FC7A-3B03-B715-093129D2748A}.RelWithDebInfo|win32.ActiveCfg = RelWithDebInfo|win32
		{2EAC38E1-FC7A-3B03-B715-093129D2748A}.RelWithDebInfo|win32.Build.0 = RelWithDebInfo|win32
		{4902D8E4-92F9-362F-8625-CBEB55502764}.Debug|win32.ActiveCfg = Debug|win32
		{4902D8E4-92F9-362F-8625-CBEB55502764}.Debug|win32.Build.0 = Debug|win32
		{4902D8E4-92F9-362F-8625-CBEB55502764}.Release|win32.ActiveCfg = Release|win32
		{4902D8E4-92F9-362F-8625-CBEB55502764}.Release|win32.Build.0 = Release|win32
		{4902D8E4-92F9-362F-8625-CBEB55502764}.MinSizeRel|win32.ActiveCfg = MinSizeRel|win32
		{4902D8E4-92F9-362F-8625-CBEB55502764}.MinSizeRel|win32.Build.0 = MinSizeRel|win32
		{4902D8E4-92F9-362F-8625-CBEB55502764}.RelWithDebInfo|win32.ActiveCfg = RelWithDebInfo|win32
		{4902D8E4-92F9-362F-8625-CBEB55502764}.RelWithDebInfo|win32.Build.0 = RelWithDebInfo|win32
	EndGlobalSection
	GlobalSection(NestedProjects) = preSolution
		{E8295925-2D47-3C5D-897A-BBE7A6EAF16C} = {6977B102-FBD8-38C5-B893-A22BC51BE096}
		{C121C261-58D3-3964-A731-5328E60926AB} = {6977B102-FBD8-38C5-B893-A22BC51BE096}
		{68DD925E-D7CE-3B6E-9C20-2DCCDA7F9982} = {22E43B9E-BCF3-3ACC-BA08-6FE0842EC5EB}
		{32EB89C1-1281-34D2-9033-9E485175DB36} = {22E43B9E-BCF3-3ACC-BA08-6FE0842EC5EB}
		{870445F3-E686-38D2-AC50-93343A0C76D9} = {22E43B9E-BCF3-3ACC-BA08-6FE0842EC5EB}
		{0267ACB8-EF28-39B7-9EB3-132125E29CAD} = {22E43B9E-BCF3-3ACC-BA08-6FE0842EC5EB}
		{29BE44DB-B002-37E8-8CC0-715C50B85163} = {22E43B9E-BCF3-3ACC-BA08-6FE0842EC5EB}
		{35AE3A19-3521-390D-88A9-DEAA99C3A719} = {22E43B9E-BCF3-3ACC-BA08-6FE0842EC5EB}
		{D09B9B98-AB5B-3F62-A7FE-92AE968427D8} = {22E43B9E-BCF3-3ACC-BA08-6FE0842EC5EB}
		{F4CB1BCA-069C-3630-A501-F706E489FB03} = {22E43B9E-BCF3-3ACC-BA08-6FE0842EC5EB}
		{8B217BC8-2899-3793-B0BD-6DFD2B4DBB08} = {22E43B9E-BCF3-3ACC-BA08-6FE0842EC5EB}
		{2EAC38E1-FC7A-3B03-B715-093129D2748A} = {22E43B9E-BCF3-3ACC-BA08-6FE0842EC5EB}
		{4902D8E4-92F9-362F-8625-CBEB55502764} = {22E43B9E-BCF3-3ACC-BA08-6FE0842EC5EB}
		{4610F44C-CA38-338A-9F43-4D3ACB3DC4C5} = {8660848A-1D38-36E9-906F-FAFB12467561}
		{E3A68794-2FC1-3DB2-B578-ACBF1FA9FEEB} = {5704D0CE-50DB-3760-9CA3-5A284EB1986E}
	EndGlobalSection
	GlobalSection(ExtensibilityGlobals) = postSolution
		SolutionGuid = {D6388AE8-32A1-375B-80F7-0F624B2C1F54}
	EndGlobalSection
	GlobalSection(ExtensibilityAddIns) = postSolution
	EndGlobalSection
EndGlobal
